[root]
name = "kaleidoscope"
version = "0.1.0"
dependencies = [
 "gcc 0.3.43 (registry+https://github.com/rust-lang/crates.io-index)",
 "llvm-alt 0.5.0 (git+https://github.com/TomBebb/llvm-rs.git)",
 "semver 0.1.20 (registry+https://github.com/rust-lang/crates.io-index)",
]

[[package]]
name = "bitflags"
version = "0.5.0"
source = "registry+https://github.com/rust-lang/crates.io-index"

[[package]]
name = "cbox"
version = "0.3.0"
source = "registry+https://github.com/rust-lang/crates.io-index"
dependencies = [
 "libc 0.2.20 (registry+https://github.com/rust-lang/crates.io-index)",
]

[[package]]
name = "gcc"
version = "0.3.43"
source = "registry+https://github.com/rust-lang/crates.io-index"

[[package]]
name = "libc"
version = "0.2.20"
source = "registry+https://github.com/rust-lang/crates.io-index"

[[package]]
name = "llvm-alt"
version = "0.5.0"
source = "git+https://github.com/TomBebb/llvm-rs.git#1aeff08637e22949c2e1f11eb29145473448ce89"
dependencies = [
 "cbox 0.3.0 (registry+https://github.com/rust-lang/crates.io-index)",
 "libc 0.2.20 (registry+https://github.com/rust-lang/crates.io-index)",
 "llvm-sys 0.3.0 (git+https://github.com/TomBebbington/llvm-sys.rs)",
]

[[package]]
name = "llvm-sys"
version = "0.3.0"
source = "git+https://github.com/TomBebbington/llvm-sys.rs#88a4f2da362f5162d28d8fd60503733476040db6"
dependencies = [
 "bitflags 0.5.0 (registry+https://github.com/rust-lang/crates.io-index)",
 "gcc 0.3.43 (registry+https://github.com/rust-lang/crates.io-index)",
 "libc 0.2.20 (registry+https://github.com/rust-lang/crates.io-index)",
 "semver 0.1.20 (registry+https://github.com/rust-lang/crates.io-index)",
]

[[package]]
name = "semver"
version = "0.1.20"
source = "registry+https://github.com/rust-lang/crates.io-index"

[metadata]
"checksum bitflags 0.5.0 (registry+https://github.com/rust-lang/crates.io-index)" = "4f67931368edf3a9a51d29886d245f1c3db2f1ef0dcc9e35ff70341b78c10d23"
"checksum cbox 0.3.0 (registry+https://github.com/rust-lang/crates.io-index)" = "e4198143b96d30e1758ebe0abab558e0845f09b36d83872d88db34911349321f"
"checksum gcc 0.3.43 (registry+https://github.com/rust-lang/crates.io-index)" = "c07c758b972368e703a562686adb39125707cc1ef3399da8c019fc6c2498a75d"
"checksum libc 0.2.20 (registry+https://github.com/rust-lang/crates.io-index)" = "684f330624d8c3784fb9558ca46c4ce488073a8d22450415c5eb4f4cfb0d11b5"
"checksum llvm-alt 0.5.0 (git+https://github.com/TomBebb/llvm-rs.git)" = "<none>"
"checksum llvm-sys 0.3.0 (git+https://github.com/TomBebbington/llvm-sys.rs)" = "<none>"
"checksum semver 0.1.20 (registry+https://github.com/rust-lang/crates.io-index)" = "d4f410fedcf71af0345d7607d246e7ad15faaadd49d240ee3b24e5dc21a820ac"
